
Microsoft Visual Studio Solution File, Format Version 12.00
# Visual Studio 15
VisualStudioVersion = 15.0.26228.10
MinimumVisualStudioVersion = 10.0.40219.1
Project("{FAE04EC0-301F-11D3-BF4B-00C04F79EFBC}") = "Library.WEB", "Library.WEB\Library.WEB.csproj", "{8521FC59-B079-469D-B352-BDB508C62EB5}"
EndProject
Project("{FAE04EC0-301F-11D3-BF4B-00C04F79EFBC}") = "Library.DAL", "Library.DAL\Library.DAL.csproj", "{8B76D5E5-C45C-4E46-90F8-74EF1DF84FE4}"
EndProject
Project("{FAE04EC0-301F-11D3-BF4B-00C04F79EFBC}") = "Library.Entity", "Library.Entity\Library.Entity.csproj", "{FA57F4A5-943B-429D-AA3D-78C3024A3059}"
EndProject
Global
	GlobalSection(SolutionConfigurationPlatforms) = preSolution
		Debug|Any CPU = Debug|Any CPU
		Release|Any CPU = Release|Any CPU
	EndGlobalSection
	GlobalSection(ProjectConfigurationPlatforms) = postSolution
		{8521FC59-B079-469D-B352-BDB508C62EB5}.Debug|Any CPU.ActiveCfg = Debug|Any CPU
		{8521FC59-B079-469D-B352-BDB508C62EB5}.Debug|Any CPU.Build.0 = Debug|Any CPU
		{8521FC59-B079-469D-B352-BDB508C62EB5}.Release|Any CPU.ActiveCfg = Release|Any CPU
		{8521FC59-B079-469D-B352-BDB508C62EB5}.Release|Any CPU.Build.0 = Release|Any CPU
		{8B76D5E5-C45C-4E46-90F8-74EF1DF84FE4}.Debug|Any CPU.ActiveCfg = Debug|Any CPU
		{8B76D5E5-C45C-4E46-90F8-74EF1DF84FE4}.Debug|Any CPU.Build.0 = Debug|Any CPU
		{8B76D5E5-C45C-4E46-90F8-74EF1DF84FE4}.Release|Any CPU.ActiveCfg = Release|Any CPU
		{8B76D5E5-C45C-4E46-90F8-74EF1DF84FE4}.Release|Any CPU.Build.0 = Release|Any CPU
		{FA57F4A5-943B-429D-AA3D-78C3024A3059}.Debug|Any CPU.ActiveCfg = Debug|Any CPU
		{FA57F4A5-943B-429D-AA3D-78C3024A3059}.Debug|Any CPU.Build.0 = Debug|Any CPU
		{FA57F4A5-943B-429D-AA3D-78C3024A3059}.Release|Any CPU.ActiveCfg = Release|Any CPU
		{FA57F4A5-943B-429D-AA3D-78C3024A3059}.Release|Any CPU.Build.0 = Release|Any CPU
	EndGlobalSection
	GlobalSection(SolutionProperties) = preSolution
		HideSolutionNode = FALSE
	EndGlobalSection
EndGlobal
